# @generated by Move, please check-in and do not edit manually.

[move]
version = 3
manifest_digest = "14015472B23E8EE20AFAA16441EBC11C72918CEFD804B2FB7339269C209BA338"
deps_digest = "397E6A9F7A624706DBDFEE056CE88391A15876868FD18A88504DA74EB458D697"
dependencies = [
  { id = "Sui", name = "Sui" },
  { id = "TurbosCLMM", name = "TurbosCLMM" },
  { id = "cetus", name = "cetus" },
  { id = "flow_x", name = "flow_x" },
  { id = "move_pump", name = "move_pump" },
]

[[move.package]]
id = "CetusClmm"
source = { git = "https://github.com/CetusProtocol/cetus-clmm-interface.git", rev = "mainnet-v1.23.1", subdir = "sui/clmmpool" }

dependencies = [
  { id = "IntegerMate", name = "IntegerMate" },
  { id = "MoveSTL", name = "MoveSTL" },
  { id = "Sui", name = "Sui" },
]

[[move.package]]
id = "IntegerMate"
source = { git = "https://github.com/CetusProtocol/integer-mate.git", rev = "mainnet-v1.23.1", subdir = "sui" }

dependencies = [
  { id = "Sui", name = "Sui" },
]

[[move.package]]
id = "MoveSTL"
source = { git = "https://github.com/CetusProtocol/move-stl.git", rev = "mainnet-v1.23.1", subdir = "sui" }

dependencies = [
  { id = "Sui", name = "Sui" },
]

[[move.package]]
id = "MoveStdlib"
source = { git = "https://github.com/MystenLabs/sui.git", rev = "framework/mainnet", subdir = "crates/sui-framework/packages/move-stdlib" }

[[move.package]]
id = "Sui"
source = { git = "https://github.com/MystenLabs/sui.git", rev = "framework/mainnet", subdir = "crates/sui-framework/packages/sui-framework" }

dependencies = [
  { id = "MoveStdlib", name = "MoveStdlib" },
]

[[move.package]]
id = "TurbosCLMM"
source = { git = "https://github.com/turbos-finance/turbos-sui-move-interface.git", rev = "framework/mainnet", subdir = "clmm" }

dependencies = [
  { id = "Sui", name = "Sui" },
]

[[move.package]]
id = "blue_move"
source = { local = "../lib/blue_move" }

dependencies = [
  { id = "Sui", name = "Sui" },
]

[[move.package]]
id = "cetus"
source = { local = "../lib/cetus" }

dependencies = [
  { id = "Sui", name = "Sui" },
  { id = "cetus_stable_farming", name = "cetus_stable_farming" },
]

[[move.package]]
id = "cetus_stable_farming"
source = { local = "../lib/cetus_stable_farming" }

dependencies = [
  { id = "CetusClmm", name = "CetusClmm" },
  { id = "Sui", name = "Sui" },
]

[[move.package]]
id = "flow_x"
source = { local = "../lib/flow_x" }

dependencies = [
  { id = "Sui", name = "Sui" },
]

[[move.package]]
id = "move_pump"
source = { local = "../lib/move_pump" }

dependencies = [
  { id = "Sui", name = "Sui" },
  { id = "blue_move", name = "blue_move" },
]

[move.toolchain-version]
compiler-version = "1.36.2"
edition = "2024.beta"
flavor = "sui"

[env]

[env.mainnet]
chain-id = "35834a8a"
original-published-id = "0x408764241a79a97ce35f8253c23f48eff0e4b68da0b47352424b4e1f3e6640e4"
latest-published-id = "0x9c9398de8c1d694600ee3eef6010cd7f2e2dc2d232f729bc5168b636e8b9e831"
published-version = "3"
