# @generated by Move, please check-in and do not edit manually.

[move]
version = 2
manifest_digest = "16FE9F27576D5DD3786857228B913184F39B9D168881438FDF063D256AC809A3"
deps_digest = "CAFAD8A7CF51067FB4358215BECB86BD100DD64E57C2AC8A7AE7D74B688F5965"
dependencies = [
  { name = "CetusClmm" },
  { name = "Sui" },
  { name = "TurbosCLMM" },
  { name = "blue_move" },
  { name = "cetus" },
  { name = "flow_x" },
  { name = "move_pump" },
]

[[move.package]]
name = "CetusClmm"
source = { local = "../lib/cetus_clmm" }

dependencies = [
  { name = "IntegerMate" },
  { name = "MoveSTL" },
  { name = "Sui" },
]

[[move.package]]
name = "IntegerMate"
source = { git = "https://github.com/CetusProtocol/integer-mate.git", rev = "mainnet-v1.23.1", subdir = "sui" }

dependencies = [
  { name = "Sui" },
]

[[move.package]]
name = "MoveSTL"
source = { git = "https://github.com/CetusProtocol/move-stl.git", rev = "mainnet-v1.23.1", subdir = "sui" }

dependencies = [
  { name = "Sui" },
]

[[move.package]]
name = "MoveStdlib"
source = { git = "https://github.com/MystenLabs/sui.git", rev = "framework/testnet", subdir = "crates/sui-framework/packages/move-stdlib" }

[[move.package]]
name = "Sui"
source = { git = "https://github.com/MystenLabs/sui.git", rev = "framework/testnet", subdir = "crates/sui-framework/packages/sui-framework" }

dependencies = [
  { name = "MoveStdlib" },
]

[[move.package]]
name = "TurbosCLMM"
source = { git = "https://github.com/turbos-finance/turbos-sui-move-interface.git", rev = "framework/mainnet", subdir = "clmm" }

dependencies = [
  { name = "Sui" },
]

[[move.package]]
name = "blue_move"
source = { local = "../lib/blue_move" }

dependencies = [
  { name = "Sui" },
]

[[move.package]]
name = "cetus"
source = { local = "../lib/cetus" }

dependencies = [
  { name = "CetusClmm" },
  { name = "Sui" },
]

[[move.package]]
name = "flow_x"
source = { local = "../lib/flow_x" }

dependencies = [
  { name = "Sui" },
]

[[move.package]]
name = "move_pump"
source = { local = "../lib/move_pump" }

dependencies = [
  { name = "Sui" },
  { name = "blue_move" },
]

[move.toolchain-version]
compiler-version = "1.34.2"
edition = "2024.beta"
flavor = "sui"
